
Microsoft Visual Studio Solution File, Format Version 12.00
# Visual Studio 15
VisualStudioVersion = 15.0.26730.10
MinimumVisualStudioVersion = 10.0.40219.1
Project("{FAE04EC0-301F-11D3-BF4B-00C04F79EFBC}") = "B64.Lib", "B64.Lib\B64.Lib.csproj", "{1DD519DB-F408-4F2C-8E39-6F40BC8A236F}"
EndProject
Project("{FAE04EC0-301F-11D3-BF4B-00C04F79EFBC}") = "B64.Console", "B64.Console\B64.Console.csproj", "{32780E9F-B0F2-4667-AEC3-6D4F6CEE37B5}"
EndProject
Global
	GlobalSection(SolutionConfigurationPlatforms) = preSolution
		Debug|Any CPU = Debug|Any CPU
		Release|Any CPU = Release|Any CPU
	EndGlobalSection
	GlobalSection(ProjectConfigurationPlatforms) = postSolution
		{1DD519DB-F408-4F2C-8E39-6F40BC8A236F}.Debug|Any CPU.ActiveCfg = Debug|Any CPU
		{1DD519DB-F408-4F2C-8E39-6F40BC8A236F}.Debug|Any CPU.Build.0 = Debug|Any CPU
		{1DD519DB-F408-4F2C-8E39-6F40BC8A236F}.Release|Any CPU.ActiveCfg = Release|Any CPU
		{1DD519DB-F408-4F2C-8E39-6F40BC8A236F}.Release|Any CPU.Build.0 = Release|Any CPU
		{32780E9F-B0F2-4667-AEC3-6D4F6CEE37B5}.Debug|Any CPU.ActiveCfg = Debug|Any CPU
		{32780E9F-B0F2-4667-AEC3-6D4F6CEE37B5}.Debug|Any CPU.Build.0 = Debug|Any CPU
		{32780E9F-B0F2-4667-AEC3-6D4F6CEE37B5}.Release|Any CPU.ActiveCfg = Release|Any CPU
		{32780E9F-B0F2-4667-AEC3-6D4F6CEE37B5}.Release|Any CPU.Build.0 = Release|Any CPU
	EndGlobalSection
	GlobalSection(SolutionProperties) = preSolution
		HideSolutionNode = FALSE
	EndGlobalSection
	GlobalSection(ExtensibilityGlobals) = postSolution
		SolutionGuid = {B75EEE1B-9B59-4F6F-BB09-EC2748437A25}
	EndGlobalSection
EndGlobal
